
Microsoft Visual Studio Solution File, Format Version 12.00
# Visual Studio Version 16
VisualStudioVersion = 16.0.31112.23
MinimumVisualStudioVersion = 10.0.40219.1
Project("{FAE04EC0-301F-11D3-BF4B-00C04F79EFBC}") = "CapaDatos", "CapaDatos\CapaDatos.csproj", "{91F2BD62-A086-44E4-AAD7-63DD87B14BE6}"
EndProject
Project("{FAE04EC0-301F-11D3-BF4B-00C04F79EFBC}") = "CapaNegocio", "CapaNegocio\CapaNegocio.csproj", "{F16E7657-C0F8-4BFC-904A-12F7F26C5964}"
EndProject
Project("{FAE04EC0-301F-11D3-BF4B-00C04F79EFBC}") = "CapaPresentacion", "CapaPresentacion\CapaPresentacion.csproj", "{594494C9-49BD-4250-B434-50A394D5A10A}"
EndProject
Global
	GlobalSection(SolutionConfigurationPlatforms) = preSolution
		Debug|Any CPU = Debug|Any CPU
		Release|Any CPU = Release|Any CPU
	EndGlobalSection
	GlobalSection(ProjectConfigurationPlatforms) = postSolution
		{91F2BD62-A086-44E4-AAD7-63DD87B14BE6}.Debug|Any CPU.ActiveCfg = Debug|Any CPU
		{91F2BD62-A086-44E4-AAD7-63DD87B14BE6}.Debug|Any CPU.Build.0 = Debug|Any CPU
		{91F2BD62-A086-44E4-AAD7-63DD87B14BE6}.Release|Any CPU.ActiveCfg = Release|Any CPU
		{91F2BD62-A086-44E4-AAD7-63DD87B14BE6}.Release|Any CPU.Build.0 = Release|Any CPU
		{F16E7657-C0F8-4BFC-904A-12F7F26C5964}.Debug|Any CPU.ActiveCfg = Debug|Any CPU
		{F16E7657-C0F8-4BFC-904A-12F7F26C5964}.Debug|Any CPU.Build.0 = Debug|Any CPU
		{F16E7657-C0F8-4BFC-904A-12F7F26C5964}.Release|Any CPU.ActiveCfg = Release|Any CPU
		{F16E7657-C0F8-4BFC-904A-12F7F26C5964}.Release|Any CPU.Build.0 = Release|Any CPU
		{594494C9-49BD-4250-B434-50A394D5A10A}.Debug|Any CPU.ActiveCfg = Debug|Any CPU
		{594494C9-49BD-4250-B434-50A394D5A10A}.Debug|Any CPU.Build.0 = Debug|Any CPU
		{594494C9-49BD-4250-B434-50A394D5A10A}.Release|Any CPU.ActiveCfg = Release|Any CPU
		{594494C9-49BD-4250-B434-50A394D5A10A}.Release|Any CPU.Build.0 = Release|Any CPU
	EndGlobalSection
	GlobalSection(SolutionProperties) = preSolution
		HideSolutionNode = FALSE
	EndGlobalSection
	GlobalSection(ExtensibilityGlobals) = postSolution
		SolutionGuid = {51D1F719-DD6C-4F09-BF30-A2D6F8E642E6}
	EndGlobalSection
EndGlobal
